
Microsoft Visual Studio Solution File, Format Version 12.00
# Visual Studio 15
VisualStudioVersion = 15.0.27428.2005
MinimumVisualStudioVersion = 10.0.40219.1
Project("{9A19103F-16F7-4668-BE54-9A1E7A4F7556}") = "Multitenancy", "src\Multitenancy\Multitenancy.csproj", "{D6B3CBE1-8521-47F5-A160-E90E7E383628}"
EndProject
Project("{9A19103F-16F7-4668-BE54-9A1E7A4F7556}") = "MultitenantAspApp", "src\MultitenantAspApp\MultitenantAspApp.csproj", "{2FDEDCDC-8D33-43A4-8A2D-0B5B56F189C6}"
EndProject
Project("{2150E333-8FDC-42A3-9474-1A3956D46DE8}") = "src", "src", "{9813A4E4-5781-4FCD-A58D-541115258FDC}"
EndProject
Project("{2150E333-8FDC-42A3-9474-1A3956D46DE8}") = "test", "test", "{05DAA967-4EB1-4B8F-AA68-287907DB5D33}"
EndProject
Project("{9A19103F-16F7-4668-BE54-9A1E7A4F7556}") = "MultitenantAspApp.Tests", "test\MultitenantAspApp.Tests\MultitenantAspApp.Tests.csproj", "{F4F821AC-DAAB-496F-BB3C-CCBE3654B2CA}"
EndProject
Global
	GlobalSection(SolutionConfigurationPlatforms) = preSolution
		Debug|Any CPU = Debug|Any CPU
		Release|Any CPU = Release|Any CPU
	EndGlobalSection
	GlobalSection(ProjectConfigurationPlatforms) = postSolution
		{D6B3CBE1-8521-47F5-A160-E90E7E383628}.Debug|Any CPU.ActiveCfg = Debug|Any CPU
		{D6B3CBE1-8521-47F5-A160-E90E7E383628}.Debug|Any CPU.Build.0 = Debug|Any CPU
		{D6B3CBE1-8521-47F5-A160-E90E7E383628}.Release|Any CPU.ActiveCfg = Release|Any CPU
		{D6B3CBE1-8521-47F5-A160-E90E7E383628}.Release|Any CPU.Build.0 = Release|Any CPU
		{2FDEDCDC-8D33-43A4-8A2D-0B5B56F189C6}.Debug|Any CPU.ActiveCfg = Debug|Any CPU
		{2FDEDCDC-8D33-43A4-8A2D-0B5B56F189C6}.Debug|Any CPU.Build.0 = Debug|Any CPU
		{2FDEDCDC-8D33-43A4-8A2D-0B5B56F189C6}.Release|Any CPU.ActiveCfg = Release|Any CPU
		{2FDEDCDC-8D33-43A4-8A2D-0B5B56F189C6}.Release|Any CPU.Build.0 = Release|Any CPU
		{F4F821AC-DAAB-496F-BB3C-CCBE3654B2CA}.Debug|Any CPU.ActiveCfg = Debug|Any CPU
		{F4F821AC-DAAB-496F-BB3C-CCBE3654B2CA}.Debug|Any CPU.Build.0 = Debug|Any CPU
		{F4F821AC-DAAB-496F-BB3C-CCBE3654B2CA}.Release|Any CPU.ActiveCfg = Release|Any CPU
		{F4F821AC-DAAB-496F-BB3C-CCBE3654B2CA}.Release|Any CPU.Build.0 = Release|Any CPU
	EndGlobalSection
	GlobalSection(SolutionProperties) = preSolution
		HideSolutionNode = FALSE
	EndGlobalSection
	GlobalSection(NestedProjects) = preSolution
		{D6B3CBE1-8521-47F5-A160-E90E7E383628} = {9813A4E4-5781-4FCD-A58D-541115258FDC}
		{2FDEDCDC-8D33-43A4-8A2D-0B5B56F189C6} = {9813A4E4-5781-4FCD-A58D-541115258FDC}
		{F4F821AC-DAAB-496F-BB3C-CCBE3654B2CA} = {05DAA967-4EB1-4B8F-AA68-287907DB5D33}
	EndGlobalSection
	GlobalSection(ExtensibilityGlobals) = postSolution
		SolutionGuid = {2B357F2D-6AED-4D24-BA8F-69415CCB27A7}
	EndGlobalSection
EndGlobal
